
Microsoft Visual Studio Solution File, Format Version 12.00
# Visual Studio Version 16
VisualStudioVersion = 16.0.31112.23
MinimumVisualStudioVersion = 10.0.40219.1
Project("{FAE04EC0-301F-11D3-BF4B-00C04F79EFBC}") = "WorkflowEngineExercise", "WorkflowEngineExercise\WorkflowEngineExercise.csproj", "{7EE06941-89E4-4D2F-8766-4DAC1BF85531}"
EndProject
Global
	GlobalSection(SolutionConfigurationPlatforms) = preSolution
		Debug|Any CPU = Debug|Any CPU
		Release|Any CPU = Release|Any CPU
	EndGlobalSection
	GlobalSection(ProjectConfigurationPlatforms) = postSolution
		{7EE06941-89E4-4D2F-8766-4DAC1BF85531}.Debug|Any CPU.ActiveCfg = Debug|Any CPU
		{7EE06941-89E4-4D2F-8766-4DAC1BF85531}.Debug|Any CPU.Build.0 = Debug|Any CPU
		{7EE06941-89E4-4D2F-8766-4DAC1BF85531}.Release|Any CPU.ActiveCfg = Release|Any CPU
		{7EE06941-89E4-4D2F-8766-4DAC1BF85531}.Release|Any CPU.Build.0 = Release|Any CPU
	EndGlobalSection
	GlobalSection(SolutionProperties) = preSolution
		HideSolutionNode = FALSE
	EndGlobalSection
	GlobalSection(ExtensibilityGlobals) = postSolution
		SolutionGuid = {F19177A3-0F7F-4DBC-A60B-DFCF9E91B906}
	EndGlobalSection
EndGlobal
